
Microsoft Visual Studio Solution File, Format Version 9.00
# Visual Studio 2005
Project("{8BC9CEB8-8B4A-11D0-8D11-00A0C91BC942}") = "NewC_Structure", "NewC_Structure\NewC_Structure.vcproj", "{0E1662CD-3AA4-468D-AD4C-2B6F13BACA95}"
EndProject
Project("{8BC9CEB8-8B4A-11D0-8D11-00A0C91BC942}") = "单向链表", "单向链表\单向链表.vcproj", "{99B5F437-320E-4C82-A8E5-247E5758B43C}"
EndProject
Project("{8BC9CEB8-8B4A-11D0-8D11-00A0C91BC942}") = "企业链表", "企业链表\企业链表.vcproj", "{6313D7B1-EC43-46D0-B222-5EB4551785B7}"
EndProject
Project("{8BC9CEB8-8B4A-11D0-8D11-00A0C91BC942}") = "循环链表", "循环链表\循环链表.vcproj", "{3F1924D2-9B33-4CB1-9D52-426F970F54F1}"
EndProject
Project("{8BC9CEB8-8B4A-11D0-8D11-00A0C91BC942}") = "约瑟夫问题", "约瑟夫问题\约瑟夫问题.vcproj", "{02B62DCE-A181-4522-A33E-F352E73A2DE3}"
EndProject
Project("{8BC9CEB8-8B4A-11D0-8D11-00A0C91BC942}") = "栈的顺序存储", "栈的顺序存储\栈的顺序存储.vcproj", "{833FD25E-12E8-42AA-BFCC-13418AFD0E68}"
EndProject
Project("{8BC9CEB8-8B4A-11D0-8D11-00A0C91BC942}") = "栈的链式存储", "栈的链式存储\栈的链式存储.vcproj", "{B3D93E15-8EBF-4DF9-830B-ACB1E3D621B3}"
EndProject
Project("{8BC9CEB8-8B4A-11D0-8D11-00A0C91BC942}") = "队列顺序存储", "队列\队列.vcproj", "{F5AFECBE-A2E9-499A-B5C3-1F11721A54EC}"
EndProject
Project("{8BC9CEB8-8B4A-11D0-8D11-00A0C91BC942}") = "栈的应用就近选择", "栈的应用就近选择.c\栈的应用就近选择.c.vcproj", "{ABEA823E-FC16-46D2-9680-19A961316238}"
EndProject
Project("{8BC9CEB8-8B4A-11D0-8D11-00A0C91BC942}") = "栈的应用中缀转后缀", "栈的应用中缀转后缀\栈的应用中缀转后缀.vcproj", "{98A10D7A-12C7-4072-8EFF-EE5AEF320B70}"
EndProject
Project("{8BC9CEB8-8B4A-11D0-8D11-00A0C91BC942}") = "二叉树的递归遍历", "二叉树的递归遍历.c\二叉树的递归遍历.c.vcproj", "{6BCC1AEA-2895-4DCD-AE92-A696AADC75A2}"
EndProject
Project("{8BC9CEB8-8B4A-11D0-8D11-00A0C91BC942}") = "二叉树编程实战_求叶子结点数目", "二叉树编程实战_求叶子结点数目\二叉树编程实战_求叶子结点数目.vcproj", "{E5EC1BD4-ED3B-42E8-B40F-53ED1B1DECF9}"
EndProject
Project("{8BC9CEB8-8B4A-11D0-8D11-00A0C91BC942}") = "二叉树编程实战_拷贝二叉树", "二叉树编程实战_拷贝二叉树\二叉树编程实战_拷贝二叉树.vcproj", "{71F0F191-6B7B-40CD-9BA8-787ED222E7F6}"
EndProject
Project("{8BC9CEB8-8B4A-11D0-8D11-00A0C91BC942}") = "二叉树非递归遍历", "二叉树非递归遍历\二叉树非递归遍历.vcproj", "{E7FBED46-BDB0-4B0F-A073-1E69862478A3}"
EndProject
Project("{8BC9CEB8-8B4A-11D0-8D11-00A0C91BC942}") = "二叉树的井号创建法", "二叉树的井号创建法\二叉树的井号创建法.vcproj", "{8280E14D-68C9-45D6-8323-D42C3309E768}"
EndProject
Project("{8BC9CEB8-8B4A-11D0-8D11-00A0C91BC942}") = "冒泡排序", "冒泡排序\冒泡排序.vcproj", "{F00971B1-80F3-4F6D-A456-86EF4EEFC540}"
EndProject
Global
	GlobalSection(SolutionConfigurationPlatforms) = preSolution
		Debug|Win32 = Debug|Win32
		Release|Win32 = Release|Win32
	EndGlobalSection
	GlobalSection(ProjectConfigurationPlatforms) = postSolution
		{0E1662CD-3AA4-468D-AD4C-2B6F13BACA95}.Debug|Win32.ActiveCfg = Debug|Win32
		{0E1662CD-3AA4-468D-AD4C-2B6F13BACA95}.Debug|Win32.Build.0 = Debug|Win32
		{0E1662CD-3AA4-468D-AD4C-2B6F13BACA95}.Release|Win32.ActiveCfg = Release|Win32
		{0E1662CD-3AA4-468D-AD4C-2B6F13BACA95}.Release|Win32.Build.0 = Release|Win32
		{99B5F437-320E-4C82-A8E5-247E5758B43C}.Debug|Win32.ActiveCfg = Debug|Win32
		{99B5F437-320E-4C82-A8E5-247E5758B43C}.Debug|Win32.Build.0 = Debug|Win32
		{99B5F437-320E-4C82-A8E5-247E5758B43C}.Release|Win32.ActiveCfg = Release|Win32
		{99B5F437-320E-4C82-A8E5-247E5758B43C}.Release|Win32.Build.0 = Release|Win32
		{6313D7B1-EC43-46D0-B222-5EB4551785B7}.Debug|Win32.ActiveCfg = Debug|Win32
		{6313D7B1-EC43-46D0-B222-5EB4551785B7}.Debug|Win32.Build.0 = Debug|Win32
		{6313D7B1-EC43-46D0-B222-5EB4551785B7}.Release|Win32.ActiveCfg = Release|Win32
		{6313D7B1-EC43-46D0-B222-5EB4551785B7}.Release|Win32.Build.0 = Release|Win32
		{3F1924D2-9B33-4CB1-9D52-426F970F54F1}.Debug|Win32.ActiveCfg = Debug|Win32
		{3F1924D2-9B33-4CB1-9D52-426F970F54F1}.Debug|Win32.Build.0 = Debug|Win32
		{3F1924D2-9B33-4CB1-9D52-426F970F54F1}.Release|Win32.ActiveCfg = Release|Win32
		{3F1924D2-9B33-4CB1-9D52-426F970F54F1}.Release|Win32.Build.0 = Release|Win32
		{02B62DCE-A181-4522-A33E-F352E73A2DE3}.Debug|Win32.ActiveCfg = Debug|Win32
		{02B62DCE-A181-4522-A33E-F352E73A2DE3}.Debug|Win32.Build.0 = Debug|Win32
		{02B62DCE-A181-4522-A33E-F352E73A2DE3}.Release|Win32.ActiveCfg = Release|Win32
		{02B62DCE-A181-4522-A33E-F352E73A2DE3}.Release|Win32.Build.0 = Release|Win32
		{833FD25E-12E8-42AA-BFCC-13418AFD0E68}.Debug|Win32.ActiveCfg = Debug|Win32
		{833FD25E-12E8-42AA-BFCC-13418AFD0E68}.Debug|Win32.Build.0 = Debug|Win32
		{833FD25E-12E8-42AA-BFCC-13418AFD0E68}.Release|Win32.ActiveCfg = Release|Win32
		{833FD25E-12E8-42AA-BFCC-13418AFD0E68}.Release|Win32.Build.0 = Release|Win32
		{B3D93E15-8EBF-4DF9-830B-ACB1E3D621B3}.Debug|Win32.ActiveCfg = Debug|Win32
		{B3D93E15-8EBF-4DF9-830B-ACB1E3D621B3}.Debug|Win32.Build.0 = Debug|Win32
		{B3D93E15-8EBF-4DF9-830B-ACB1E3D621B3}.Release|Win32.ActiveCfg = Release|Win32
		{B3D93E15-8EBF-4DF9-830B-ACB1E3D621B3}.Release|Win32.Build.0 = Release|Win32
		{F5AFECBE-A2E9-499A-B5C3-1F11721A54EC}.Debug|Win32.ActiveCfg = Debug|Win32
		{F5AFECBE-A2E9-499A-B5C3-1F11721A54EC}.Debug|Win32.Build.0 = Debug|Win32
		{F5AFECBE-A2E9-499A-B5C3-1F11721A54EC}.Release|Win32.ActiveCfg = Release|Win32
		{F5AFECBE-A2E9-499A-B5C3-1F11721A54EC}.Release|Win32.Build.0 = Release|Win32
		{ABEA823E-FC16-46D2-9680-19A961316238}.Debug|Win32.ActiveCfg = Debug|Win32
		{ABEA823E-FC16-46D2-9680-19A961316238}.Debug|Win32.Build.0 = Debug|Win32
		{ABEA823E-FC16-46D2-9680-19A961316238}.Release|Win32.ActiveCfg = Release|Win32
		{ABEA823E-FC16-46D2-9680-19A961316238}.Release|Win32.Build.0 = Release|Win32
		{98A10D7A-12C7-4072-8EFF-EE5AEF320B70}.Debug|Win32.ActiveCfg = Debug|Win32
		{98A10D7A-12C7-4072-8EFF-EE5AEF320B70}.Debug|Win32.Build.0 = Debug|Win32
		{98A10D7A-12C7-4072-8EFF-EE5AEF320B70}.Release|Win32.ActiveCfg = Release|Win32
		{98A10D7A-12C7-4072-8EFF-EE5AEF320B70}.Release|Win32.Build.0 = Release|Win32
		{6BCC1AEA-2895-4DCD-AE92-A696AADC75A2}.Debug|Win32.ActiveCfg = Debug|Win32
		{6BCC1AEA-2895-4DCD-AE92-A696AADC75A2}.Debug|Win32.Build.0 = Debug|Win32
		{6BCC1AEA-2895-4DCD-AE92-A696AADC75A2}.Release|Win32.ActiveCfg = Release|Win32
		{6BCC1AEA-2895-4DCD-AE92-A696AADC75A2}.Release|Win32.Build.0 = Release|Win32
		{E5EC1BD4-ED3B-42E8-B40F-53ED1B1DECF9}.Debug|Win32.ActiveCfg = Debug|Win32
		{E5EC1BD4-ED3B-42E8-B40F-53ED1B1DECF9}.Debug|Win32.Build.0 = Debug|Win32
		{E5EC1BD4-ED3B-42E8-B40F-53ED1B1DECF9}.Release|Win32.ActiveCfg = Release|Win32
		{E5EC1BD4-ED3B-42E8-B40F-53ED1B1DECF9}.Release|Win32.Build.0 = Release|Win32
		{71F0F191-6B7B-40CD-9BA8-787ED222E7F6}.Debug|Win32.ActiveCfg = Debug|Win32
		{71F0F191-6B7B-40CD-9BA8-787ED222E7F6}.Debug|Win32.Build.0 = Debug|Win32
		{71F0F191-6B7B-40CD-9BA8-787ED222E7F6}.Release|Win32.ActiveCfg = Release|Win32
		{71F0F191-6B7B-40CD-9BA8-787ED222E7F6}.Release|Win32.Build.0 = Release|Win32
		{E7FBED46-BDB0-4B0F-A073-1E69862478A3}.Debug|Win32.ActiveCfg = Debug|Win32
		{E7FBED46-BDB0-4B0F-A073-1E69862478A3}.Debug|Win32.Build.0 = Debug|Win32
		{E7FBED46-BDB0-4B0F-A073-1E69862478A3}.Release|Win32.ActiveCfg = Release|Win32
		{E7FBED46-BDB0-4B0F-A073-1E69862478A3}.Release|Win32.Build.0 = Release|Win32
		{8280E14D-68C9-45D6-8323-D42C3309E768}.Debug|Win32.ActiveCfg = Debug|Win32
		{8280E14D-68C9-45D6-8323-D42C3309E768}.Debug|Win32.Build.0 = Debug|Win32
		{8280E14D-68C9-45D6-8323-D42C3309E768}.Release|Win32.ActiveCfg = Release|Win32
		{8280E14D-68C9-45D6-8323-D42C3309E768}.Release|Win32.Build.0 = Release|Win32
		{F00971B1-80F3-4F6D-A456-86EF4EEFC540}.Debug|Win32.ActiveCfg = Debug|Win32
		{F00971B1-80F3-4F6D-A456-86EF4EEFC540}.Debug|Win32.Build.0 = Debug|Win32
		{F00971B1-80F3-4F6D-A456-86EF4EEFC540}.Release|Win32.ActiveCfg = Release|Win32
		{F00971B1-80F3-4F6D-A456-86EF4EEFC540}.Release|Win32.Build.0 = Release|Win32
	EndGlobalSection
	GlobalSection(SolutionProperties) = preSolution
		HideSolutionNode = FALSE
	EndGlobalSection
EndGlobal
